// !$*UTF8*$!
{
	archiveVersion = 1;
	classes = {
	};
	objectVersion = 46;
	objects = {

/* Begin PBXBuildFile section */
		0142A6CF19974EF900A9E23D /* Foundation.framework in Frameworks */ = {isa = PBXBuildFile; fileRef = 0142A6CE19974EF900A9E23D /* Foundation.framework */; };
		0142A6D119974EF900A9E23D /* CoreGraphics.framework in Frameworks */ = {isa = PBXBuildFile; fileRef = 0142A6D019974EF900A9E23D /* CoreGraphics.framework */; };
		0142A6D319974EF900A9E23D /* UIKit.framework in Frameworks */ = {isa = PBXBuildFile; fileRef = 0142A6D219974EF900A9E23D /* UIKit.framework */; };
		0142A6D919974EF900A9E23D /* InfoPlist.strings in Resources */ = {isa = PBXBuildFile; fileRef = 0142A6D719974EF900A9E23D /* InfoPlist.strings */; };
		0142A6DB19974EF900A9E23D /* main.m in Sources */ = {isa = PBXBuildFile; fileRef = 0142A6DA19974EF900A9E23D /* main.m */; };
		0142A6DF19974EF900A9E23D /* XFAppDelegate.m in Sources */ = {isa = PBXBuildFile; fileRef = 0142A6DE19974EF900A9E23D /* XFAppDelegate.m */; };
		0142A6E119974EF900A9E23D /* Images.xcassets in Resources */ = {isa = PBXBuildFile; fileRef = 0142A6E019974EF900A9E23D /* Images.xcassets */; };
		0142A6E819974EF900A9E23D /* XCTest.framework in Frameworks */ = {isa = PBXBuildFile; fileRef = 0142A6E719974EF900A9E23D /* XCTest.framework */; };
		0142A6E919974EF900A9E23D /* Foundation.framework in Frameworks */ = {isa = PBXBuildFile; fileRef = 0142A6CE19974EF900A9E23D /* Foundation.framework */; };
		0142A6EA19974EF900A9E23D /* UIKit.framework in Frameworks */ = {isa = PBXBuildFile; fileRef = 0142A6D219974EF900A9E23D /* UIKit.framework */; };
		0142A6F219974EF900A9E23D /* InfoPlist.strings in Resources */ = {isa = PBXBuildFile; fileRef = 0142A6F019974EF900A9E23D /* InfoPlist.strings */; };
		0142A6F419974EF900A9E23D /* KuMiMusicTests.m in Sources */ = {isa = PBXBuildFile; fileRef = 0142A6F319974EF900A9E23D /* KuMiMusicTests.m */; };
/* End PBXBuildFile section */

/* Begin PBXContainerItemProxy section */
		0142A6EB19974EF900A9E23D /* PBXContainerItemProxy */ = {
			isa = PBXContainerItemProxy;
			containerPortal = 0142A6C319974EF900A9E23D /* Project object */;
			proxyType = 1;
			remoteGlobalIDString = 0142A6CA19974EF900A9E23D;
			remoteInfo = KuMiMusic;
		};
/* End PBXContainerItemProxy section */

/* Begin PBXFileReference section */
		0142A6CB19974EF900A9E23D /* KuMiMusic.app */ = {isa = PBXFileReference; explicitFileType = wrapper.application; includeInIndex = 0; path = KuMiMusic.app; sourceTree = BUILT_PRODUCTS_DIR; };
		0142A6CE19974EF900A9E23D /* Foundation.framework */ = {isa = PBXFileReference; lastKnownFileType = wrapper.framework; name = Foundation.framework; path = System/Library/Frameworks/Foundation.framework; sourceTree = SDKROOT; };
		0142A6D019974EF900A9E23D /* CoreGraphics.framework */ = {isa = PBXFileReference; lastKnownFileType = wrapper.framework; name = CoreGraphics.framework; path = System/Library/Frameworks/CoreGraphics.framework; sourceTree = SDKROOT; };
		0142A6D219974EF900A9E23D /* UIKit.framework */ = {isa = PBXFileReference; lastKnownFileType = wrapper.framework; name = UIKit.framework; path = System/Library/Frameworks/UIKit.framework; sourceTree = SDKROOT; };
		0142A6D619974EF900A9E23D /* KuMiMusic-Info.plist */ = {isa = PBXFileReference; lastKnownFileType = text.plist.xml; path = "KuMiMusic-Info.plist"; sourceTree = "<group>"; };
		0142A6D819974EF900A9E23D /* en */ = {isa = PBXFileReference; lastKnownFileType = text.plist.strings; name = en; path = en.lproj/InfoPlist.strings; sourceTree = "<group>"; };
		0142A6DA19974EF900A9E23D /* main.m */ = {isa = PBXFileReference; lastKnownFileType = sourcecode.c.objc; path = main.m; sourceTree = "<group>"; };
		0142A6DC19974EF900A9E23D /* KuMiMusic-Prefix.pch */ = {isa = PBXFileReference; lastKnownFileType = sourcecode.c.h; path = "KuMiMusic-Prefix.pch"; sourceTree = "<group>"; };
		0142A6DD19974EF900A9E23D /* XFAppDelegate.h */ = {isa = PBXFileReference; lastKnownFileType = sourcecode.c.h; path = XFAppDelegate.h; sourceTree = "<group>"; };
		0142A6DE19974EF900A9E23D /* XFAppDelegate.m */ = {isa = PBXFileReference; lastKnownFileType = sourcecode.c.objc; path = XFAppDelegate.m; sourceTree = "<group>"; };
		0142A6E019974EF900A9E23D /* Images.xcassets */ = {isa = PBXFileReference; lastKnownFileType = folder.assetcatalog; path = Images.xcassets; sourceTree = "<group>"; };
		0142A6E619974EF900A9E23D /* KuMiMusicTests.xctest */ = {isa = PBXFileReference; explicitFileType = wrapper.cfbundle; includeInIndex = 0; path = KuMiMusicTests.xctest; sourceTree = BUILT_PRODUCTS_DIR; };
		0142A6E719974EF900A9E23D /* XCTest.framework */ = {isa = PBXFileReference; lastKnownFileType = wrapper.framework; name = XCTest.framework; path = Library/Frameworks/XCTest.framework; sourceTree = DEVELOPER_DIR; };
		0142A6EF19974EF900A9E23D /* KuMiMusicTests-Info.plist */ = {isa = PBXFileReference; lastKnownFileType = text.plist.xml; path = "KuMiMusicTests-Info.plist"; sourceTree = "<group>"; };
		0142A6F119974EF900A9E23D /* en */ = {isa = PBXFileReference; lastKnownFileType = text.plist.strings; name = en; path = en.lproj/InfoPlist.strings; sourceTree = "<group>"; };
		0142A6F319974EF900A9E23D /* KuMiMusicTests.m */ = {isa = PBXFileReference; lastKnownFileType = sourcecode.c.objc; path = KuMiMusicTests.m; sourceTree = "<group>"; };
/* End PBXFileReference section */

/* Begin PBXFrameworksBuildPhase section */
		0142A6C819974EF900A9E23D /* Frameworks */ = {
			isa = PBXFrameworksBuildPhase;
			buildActionMask = 2147483647;
			files = (
				0142A6D119974EF900A9E23D /* CoreGraphics.framework in Frameworks */,
				0142A6D319974EF900A9E23D /* UIKit.framework in Frameworks */,
				0142A6CF19974EF900A9E23D /* Foundation.framework in Frameworks */,
			);
			runOnlyForDeploymentPostprocessing = 0;
		};
		0142A6E319974EF900A9E23D /* Frameworks */ = {
			isa = PBXFrameworksBuildPhase;
			buildActionMask = 2147483647;
			files = (
				0142A6E819974EF900A9E23D /* XCTest.framework in Frameworks */,
				0142A6EA19974EF900A9E23D /* UIKit.framework in Frameworks */,
				0142A6E919974EF900A9E23D /* Foundation.framework in Frameworks */,
			);
			runOnlyForDeploymentPostprocessing = 0;
		};
/* End PBXFrameworksBuildPhase section */

/* Begin PBXGroup section */
		0142A6C219974EF900A9E23D = {
			isa = PBXGroup;
			children = (
				0142A6D419974EF900A9E23D /* KuMiMusic */,
				0142A6ED19974EF900A9E23D /* KuMiMusicTests */,
				0142A6CD19974EF900A9E23D /* Frameworks */,
				0142A6CC19974EF900A9E23D /* Products */,
			);
			sourceTree = "<group>";
		};
		0142A6CC19974EF900A9E23D /* Products */ = {
			isa = PBXGroup;
			children = (
				0142A6CB19974EF900A9E23D /* KuMiMusic.app */,
				0142A6E619974EF900A9E23D /* KuMiMusicTests.xctest */,
			);
			name = Products;
			sourceTree = "<group>";
		};
		0142A6CD19974EF900A9E23D /* Frameworks */ = {
			isa = PBXGroup;
			children = (
				0142A6CE19974EF900A9E23D /* Foundation.framework */,
				0142A6D019974EF900A9E23D /* CoreGraphics.framework */,
				0142A6D219974EF900A9E23D /* UIKit.framework */,
				0142A6E719974EF900A9E23D /* XCTest.framework */,
			);
			name = Frameworks;
			sourceTree = "<group>";
		};
		0142A6D419974EF900A9E23D /* KuMiMusic */ = {
			isa = PBXGroup;
			children = (
				0142A6DD19974EF900A9E23D /* XFAppDelegate.h */,
				0142A6DE19974EF900A9E23D /* XFAppDelegate.m */,
				0142A6E019974EF900A9E23D /* Images.xcassets */,
				0142A6D519974EF900A9E23D /* Supporting Files */,
			);
			path = KuMiMusic;
			sourceTree = "<group>";
		};
		0142A6D519974EF900A9E23D /* Supporting Files */ = {
			isa = PBXGroup;
			children = (
				0142A6D619974EF900A9E23D /* KuMiMusic-Info.plist */,
				0142A6D719974EF900A9E23D /* InfoPlist.strings */,
				0142A6DA19974EF900A9E23D /* main.m */,
				0142A6DC19974EF900A9E23D /* KuMiMusic-Prefix.pch */,
			);
			name = "Supporting Files";
			sourceTree = "<group>";
		};
		0142A6ED19974EF900A9E23D /* KuMiMusicTests */ = {
			isa = PBXGroup;
			children = (
				0142A6F319974EF900A9E23D /* KuMiMusicTests.m */,
				0142A6EE19974EF900A9E23D /* Supporting Files */,
			);
			path = KuMiMusicTests;
			sourceTree = "<group>";
		};
		0142A6EE19974EF900A9E23D /* Supporting Files */ = {
			isa = PBXGroup;
			children = (
				0142A6EF19974EF900A9E23D /* KuMiMusicTests-Info.plist */,
				0142A6F019974EF900A9E23D /* InfoPlist.strings */,
			);
			name = "Supporting Files";
			sourceTree = "<group>";
		};
/* End PBXGroup section */

/* Begin PBXNativeTarget section */
		0142A6CA19974EF900A9E23D /* KuMiMusic */ = {
			isa = PBXNativeTarget;
			buildConfigurationList = 0142A6F719974EF900A9E23D /* Build configuration list for PBXNativeTarget "KuMiMusic" */;
			buildPhases = (
				0142A6C719974EF900A9E23D /* Sources */,
				0142A6C819974EF900A9E23D /* Frameworks */,
				0142A6C919974EF900A9E23D /* Resources */,
			);
			buildRules = (
			);
			dependencies = (
			);
			name = KuMiMusic;
			productName = KuMiMusic;
			productReference = 0142A6CB19974EF900A9E23D /* KuMiMusic.app */;
			productType = "com.apple.product-type.application";
		};
		0142A6E519974EF900A9E23D /* KuMiMusicTests */ = {
			isa = PBXNativeTarget;
			buildConfigurationList = 0142A6FA19974EF900A9E23D /* Build configuration list for PBXNativeTarget "KuMiMusicTests" */;
			buildPhases = (
				0142A6E219974EF900A9E23D /* Sources */,
				0142A6E319974EF900A9E23D /* Frameworks */,
				0142A6E419974EF900A9E23D /* Resources */,
			);
			buildRules = (
			);
			dependencies = (
				0142A6EC19974EF900A9E23D /* PBXTargetDependency */,
			);
			name = KuMiMusicTests;
			productName = KuMiMusicTests;
			productReference = 0142A6E619974EF900A9E23D /* KuMiMusicTests.xctest */;
			productType = "com.apple.product-type.bundle.unit-test";
		};
/* End PBXNativeTarget section */

/* Begin PBXProject section */
		0142A6C319974EF900A9E23D /* Project object */ = {
			isa = PBXProject;
			attributes = {
				CLASSPREFIX = XF;
				LastUpgradeCheck = 0510;
				ORGANIZATIONNAME = KuMi;
				TargetAttributes = {
					0142A6E519974EF900A9E23D = {
						TestTargetID = 0142A6CA19974EF900A9E23D;
					};
				};
			};
			buildConfigurationList = 0142A6C619974EF900A9E23D /* Build configuration list for PBXProject "KuMiMusic" */;
			compatibilityVersion = "Xcode 3.2";
			developmentRegion = English;
			hasScannedForEncodings = 0;
			knownRegions = (
				en,
			);
			mainGroup = 0142A6C219974EF900A9E23D;
			productRefGroup = 0142A6CC19974EF900A9E23D /* Products */;
			projectDirPath = "";
			projectRoot = "";
			targets = (
				0142A6CA19974EF900A9E23D /* KuMiMusic */,
				0142A6E519974EF900A9E23D /* KuMiMusicTests */,
			);
		};
/* End PBXProject section */

/* Begin PBXResourcesBuildPhase section */
		0142A6C919974EF900A9E23D /* Resources */ = {
			isa = PBXResourcesBuildPhase;
			buildActionMask = 2147483647;
			files = (
				0142A6D919974EF900A9E23D /* InfoPlist.strings in Resources */,
				0142A6E119974EF900A9E23D /* Images.xcassets in Resources */,
			);
			runOnlyForDeploymentPostprocessing = 0;
		};
		0142A6E419974EF900A9E23D /* Resources */ = {
			isa = PBXResourcesBuildPhase;
			buildActionMask = 2147483647;
			files = (
				0142A6F219974EF900A9E23D /* InfoPlist.strings in Resources */,
			);
			runOnlyForDeploymentPostprocessing = 0;
		};
/* End PBXResourcesBuildPhase section */

/* Begin PBXSourcesBuildPhase section */
		0142A6C719974EF900A9E23D /* Sources */ = {
			isa = PBXSourcesBuildPhase;
			buildActionMask = 2147483647;
			files = (
				0142A6DF19974EF900A9E23D /* XFAppDelegate.m in Sources */,
				0142A6DB19974EF900A9E23D /* main.m in Sources */,
			);
			runOnlyForDeploymentPostprocessing = 0;
		};
		0142A6E219974EF900A9E23D /* Sources */ = {
			isa = PBXSourcesBuildPhase;
			buildActionMask = 2147483647;
			files = (
				0142A6F419974EF900A9E23D /* KuMiMusicTests.m in Sources */,
			);
			runOnlyForDeploymentPostprocessing = 0;
		};
/* End PBXSourcesBuildPhase section */

/* Begin PBXTargetDependency section */
		0142A6EC19974EF900A9E23D /* PBXTargetDependency */ = {
			isa = PBXTargetDependency;
			target = 0142A6CA19974EF900A9E23D /* KuMiMusic */;
			targetProxy = 0142A6EB19974EF900A9E23D /* PBXContainerItemProxy */;
		};
/* End PBXTargetDependency section */

/* Begin PBXVariantGroup section */
		0142A6D719974EF900A9E23D /* InfoPlist.strings */ = {
			isa = PBXVariantGroup;
			children = (
				0142A6D819974EF900A9E23D /* en */,
			);
			name = InfoPlist.strings;
			sourceTree = "<group>";
		};
		0142A6F019974EF900A9E23D /* InfoPlist.strings */ = {
			isa = PBXVariantGroup;
			children = (
				0142A6F119974EF900A9E23D /* en */,
			);
			name = InfoPlist.strings;
			sourceTree = "<group>";
		};
/* End PBXVariantGroup section */

/* Begin XCBuildConfiguration section */
		0142A6F519974EF900A9E23D /* Debug */ = {
			isa = XCBuildConfiguration;
			buildSettings = {
				ALWAYS_SEARCH_USER_PATHS = NO;
				CLANG_CXX_LANGUAGE_STANDARD = "gnu++0x";
				CLANG_CXX_LIBRARY = "libc++";
				CLANG_ENABLE_MODULES = YES;
				CLANG_ENABLE_OBJC_ARC = YES;
				CLANG_WARN_BOOL_CONVERSION = YES;
				CLANG_WARN_CONSTANT_CONVERSION = YES;
				CLANG_WARN_DIRECT_OBJC_ISA_USAGE = YES_ERROR;
				CLANG_WARN_EMPTY_BODY = YES;
				CLANG_WARN_ENUM_CONVERSION = YES;
				CLANG_WARN_INT_CONVERSION = YES;
				CLANG_WARN_OBJC_ROOT_CLASS = YES_ERROR;
				CLANG_WARN__DUPLICATE_METHOD_MATCH = YES;
				"CODE_SIGN_IDENTITY[sdk=iphoneos*]" = "iPhone Developer";
				COPY_PHASE_STRIP = NO;
				GCC_C_LANGUAGE_STANDARD = gnu99;
				GCC_DYNAMIC_NO_PIC = NO;
				GCC_OPTIMIZATION_LEVEL = 0;
				GCC_PREPROCESSOR_DEFINITIONS = (
					"DEBUG=1",
					"$(inherited)",
				);
				GCC_SYMBOLS_PRIVATE_EXTERN = NO;
				GCC_WARN_64_TO_32_BIT_CONVERSION = YES;
				GCC_WARN_ABOUT_RETURN_TYPE = YES_ERROR;
				GCC_WARN_UNDECLARED_SELECTOR = YES;
				GCC_WARN_UNINITIALIZED_AUTOS = YES_AGGRESSIVE;
				GCC_WARN_UNUSED_FUNCTION = YES;
				GCC_WARN_UNUSED_VARIABLE = YES;
				IPHONEOS_DEPLOYMENT_TARGET = 7.1;
				ONLY_ACTIVE_ARCH = YES;
				SDKROOT = iphoneos;
				TARGETED_DEVICE_FAMILY = "1,2";
			};
			name = Debug;
		};
		0142A6F619974EF900A9E23D /* Release */ = {
			isa = XCBuildConfiguration;
			buildSettings = {
				ALWAYS_SEARCH_USER_PATHS = NO;
				CLANG_CXX_LANGUAGE_STANDARD = "gnu++0x";
				CLANG_CXX_LIBRARY = "libc++";
				CLANG_ENABLE_MODULES = YES;
				CLANG_ENABLE_OBJC_ARC = YES;
				CLANG_WARN_BOOL_CONVERSION = YES;
				CLANG_WARN_CONSTANT_CONVERSION = YES;
				CLANG_WARN_DIRECT_OBJC_ISA_USAGE = YES_ERROR;
				CLANG_WARN_EMPTY_BODY = YES;
				CLANG_WARN_ENUM_CONVERSION = YES;
				CLANG_WARN_INT_CONVERSION = YES;
				CLANG_WARN_OBJC_ROOT_CLASS = YES_ERROR;
				CLANG_WARN__DUPLICATE_METHOD_MATCH = YES;
				"CODE_SIGN_IDENTITY[sdk=iphoneos*]" = "iPhone Developer";
				COPY_PHASE_STRIP = YES;
				ENABLE_NS_ASSERTIONS = NO;
				GCC_C_LANGUAGE_STANDARD = gnu99;
				GCC_WARN_64_TO_32_BIT_CONVERSION = YES;
				GCC_WARN_ABOUT_RETURN_TYPE = YES_ERROR;
				GCC_WARN_UNDECLARED_SELECTOR = YES;
				GCC_WARN_UNINITIALIZED_AUTOS = YES_AGGRESSIVE;
				GCC_WARN_UNUSED_FUNCTION = YES;
				GCC_WARN_UNUSED_VARIABLE = YES;
				IPHONEOS_DEPLOYMENT_TARGET = 7.1;
				SDKROOT = iphoneos;
				TARGETED_DEVICE_FAMILY = "1,2";
				VALIDATE_PRODUCT = YES;
			};
			name = Release;
		};
		0142A6F819974EF900A9E23D /* Debug */ = {
			isa = XCBuildConfiguration;
			buildSettings = {
				ASSETCATALOG_COMPILER_APPICON_NAME = AppIcon;
				ASSETCATALOG_COMPILER_LAUNCHIMAGE_NAME = LaunchImage;
				GCC_PRECOMPILE_PREFIX_HEADER = YES;
				GCC_PREFIX_HEADER = "KuMiMusic/KuMiMusic-Prefix.pch";
				INFOPLIST_FILE = "KuMiMusic/KuMiMusic-Info.plist";
				PRODUCT_NAME = "$(TARGET_NAME)";
				WRAPPER_EXTENSION = app;
			};
			name = Debug;
		};
		0142A6F919974EF900A9E23D /* Release */ = {
			isa = XCBuildConfiguration;
			buildSettings = {
				ASSETCATALOG_COMPILER_APPICON_NAME = AppIcon;
				ASSETCATALOG_COMPILER_LAUNCHIMAGE_NAME = LaunchImage;
				GCC_PRECOMPILE_PREFIX_HEADER = YES;
				GCC_PREFIX_HEADER = "KuMiMusic/KuMiMusic-Prefix.pch";
				INFOPLIST_FILE = "KuMiMusic/KuMiMusic-Info.plist";
				PRODUCT_NAME = "$(TARGET_NAME)";
				WRAPPER_EXTENSION = app;
			};
			name = Release;
		};
		0142A6FB19974EF900A9E23D /* Debug */ = {
			isa = XCBuildConfiguration;
			buildSettings = {
				BUNDLE_LOADER = "$(BUILT_PRODUCTS_DIR)/KuMiMusic.app/KuMiMusic";
				FRAMEWORK_SEARCH_PATHS = (
					"$(SDKROOT)/Developer/Library/Frameworks",
					"$(inherited)",
					"$(DEVELOPER_FRAMEWORKS_DIR)",
				);
				GCC_PRECOMPILE_PREFIX_HEADER = YES;
				GCC_PREFIX_HEADER = "KuMiMusic/KuMiMusic-Prefix.pch";
				GCC_PREPROCESSOR_DEFINITIONS = (
					"DEBUG=1",
					"$(inherited)",
				);
				INFOPLIST_FILE = "KuMiMusicTests/KuMiMusicTests-Info.plist";
				PRODUCT_NAME = "$(TARGET_NAME)";
				TEST_HOST = "$(BUNDLE_LOADER)";
				WRAPPER_EXTENSION = xctest;
			};
			name = Debug;
		};
		0142A6FC19974EF900A9E23D /* Release */ = {
			isa = XCBuildConfiguration;
			buildSettings = {
				BUNDLE_LOADER = "$(BUILT_PRODUCTS_DIR)/KuMiMusic.app/KuMiMusic";
				FRAMEWORK_SEARCH_PATHS = (
					"$(SDKROOT)/Developer/Library/Frameworks",
					"$(inherited)",
					"$(DEVELOPER_FRAMEWORKS_DIR)",
				);
				GCC_PRECOMPILE_PREFIX_HEADER = YES;
				GCC_PREFIX_HEADER = "KuMiMusic/KuMiMusic-Prefix.pch";
				INFOPLIST_FILE = "KuMiMusicTests/KuMiMusicTests-Info.plist";
				PRODUCT_NAME = "$(TARGET_NAME)";
				TEST_HOST = "$(BUNDLE_LOADER)";
				WRAPPER_EXTENSION = xctest;
			};
			name = Release;
		};
/* End XCBuildConfiguration section */

/* Begin XCConfigurationList section */
		0142A6C619974EF900A9E23D /* Build configuration list for PBXProject "KuMiMusic" */ = {
			isa = XCConfigurationList;
			buildConfigurations = (
				0142A6F519974EF900A9E23D /* Debug */,
				0142A6F619974EF900A9E23D /* Release */,
			);
			defaultConfigurationIsVisible = 0;
			defaultConfigurationName = Release;
		};
		0142A6F719974EF900A9E23D /* Build configuration list for PBXNativeTarget "KuMiMusic" */ = {
			isa = XCConfigurationList;
			buildConfigurations = (
				0142A6F819974EF900A9E23D /* Debug */,
				0142A6F919974EF900A9E23D /* Release */,
			);
			defaultConfigurationIsVisible = 0;
		};
		0142A6FA19974EF900A9E23D /* Build configuration list for PBXNativeTarget "KuMiMusicTests" */ = {
			isa = XCConfigurationList;
			buildConfigurations = (
				0142A6FB19974EF900A9E23D /* Debug */,
				0142A6FC19974EF900A9E23D /* Release */,
			);
			defaultConfigurationIsVisible = 0;
		};
/* End XCConfigurationList section */
	};
	rootObject = 0142A6C319974EF900A9E23D /* Project object */;
}
