// !$*UTF8*$!
{
	archiveVersion = 1;
	classes = {
	};
	objectVersion = 46;
	objects = {

/* Begin PBXBuildFile section */
		011FDB9519976BFF00724495 /* XFMyMusicBaseController.m in Sources */ = {isa = PBXBuildFile; fileRef = 011FDB9219976BFF00724495 /* XFMyMusicBaseController.m */; };
		011FDB9619976BFF00724495 /* XFAudioBaseListController.m in Sources */ = {isa = PBXBuildFile; fileRef = 011FDB9419976BFF00724495 /* XFAudioBaseListController.m */; };
		011FDB9B19976C1E00724495 /* XFGobalBBCViewController.m in Sources */ = {isa = PBXBuildFile; fileRef = 011FDB9819976C1E00724495 /* XFGobalBBCViewController.m */; };
		011FDB9C19976C1E00724495 /* XFFMListController.m in Sources */ = {isa = PBXBuildFile; fileRef = 011FDB9A19976C1E00724495 /* XFFMListController.m */; };
		011FDBA119976C7800724495 /* XFAudio.m in Sources */ = {isa = PBXBuildFile; fileRef = 011FDB9F19976C7800724495 /* XFAudio.m */; };
		011FDBA419976C8600724495 /* XFFMAudioMode.m in Sources */ = {isa = PBXBuildFile; fileRef = 011FDBA319976C8600724495 /* XFFMAudioMode.m */; };
		011FDBA719976C9300724495 /* XFLocationCellMode.m in Sources */ = {isa = PBXBuildFile; fileRef = 011FDBA619976C9300724495 /* XFLocationCellMode.m */; };
		011FDBAA19976C9F00724495 /* XFLocationBannerView.m in Sources */ = {isa = PBXBuildFile; fileRef = 011FDBA919976C9F00724495 /* XFLocationBannerView.m */; };
		011FDBAD19976CF800724495 /* XFCoustomTabBarView.m in Sources */ = {isa = PBXBuildFile; fileRef = 011FDBAC19976CF800724495 /* XFCoustomTabBarView.m */; };
		011FDBB119976F5F00724495 /* XFLocationBaseCell.m in Sources */ = {isa = PBXBuildFile; fileRef = 011FDBB019976F5F00724495 /* XFLocationBaseCell.m */; };
		011FDBB419977B5800724495 /* narbar_bg.png in Resources */ = {isa = PBXBuildFile; fileRef = 011FDBB319977B5800724495 /* narbar_bg.png */; };
		011FDBBB19977BE800724495 /* xf_loctiondownload.png in Resources */ = {isa = PBXBuildFile; fileRef = 011FDBB519977BE800724495 /* xf_loctiondownload.png */; };
		011FDBBC19977BE800724495 /* xf_loctionfile.png in Resources */ = {isa = PBXBuildFile; fileRef = 011FDBB619977BE800724495 /* xf_loctionfile.png */; };
		011FDBBD19977BE800724495 /* xf_mycentlisen.png in Resources */ = {isa = PBXBuildFile; fileRef = 011FDBB719977BE800724495 /* xf_mycentlisen.png */; };
		011FDBBE19977BE800724495 /* xf_play_icon.png in Resources */ = {isa = PBXBuildFile; fileRef = 011FDBB819977BE800724495 /* xf_play_icon.png */; };
		011FDBBF19977BE800724495 /* xf_radarLove.png in Resources */ = {isa = PBXBuildFile; fileRef = 011FDBB919977BE800724495 /* xf_radarLove.png */; };
		011FDBC019977BE800724495 /* xf_radarLove@2x.png in Resources */ = {isa = PBXBuildFile; fileRef = 011FDBBA19977BE800724495 /* xf_radarLove@2x.png */; };
		011FDBC319977D0100724495 /* 广播电台在线听地址.txt in Resources */ = {isa = PBXBuildFile; fileRef = 011FDBC219977D0100724495 /* 广播电台在线听地址.txt */; };
		011FDBC619977DF900724495 /* SO_FMCategroyView.m in Sources */ = {isa = PBXBuildFile; fileRef = 011FDBC519977DF900724495 /* SO_FMCategroyView.m */; };
		011FDBC81997816000724495 /* fm_default.jpg in Resources */ = {isa = PBXBuildFile; fileRef = 011FDBC71997816000724495 /* fm_default.jpg */; };
		012B07CB199BBDE80039DEED /* XFPlayerBoxView.m in Sources */ = {isa = PBXBuildFile; fileRef = 012B07CA199BBDE80039DEED /* XFPlayerBoxView.m */; };
		012B07D0199BCBB10039DEED /* skin_black_nav-bar-back-button-pressed@2x.png in Resources */ = {isa = PBXBuildFile; fileRef = 012B07CE199BCBB10039DEED /* skin_black_nav-bar-back-button-pressed@2x.png */; };
		012B07D1199BCBB10039DEED /* skin_black_nav-bar-back-button@2x.png in Resources */ = {isa = PBXBuildFile; fileRef = 012B07CF199BCBB10039DEED /* skin_black_nav-bar-back-button@2x.png */; };
		0142A6CF19974EF900A9E23D /* Foundation.framework in Frameworks */ = {isa = PBXBuildFile; fileRef = 0142A6CE19974EF900A9E23D /* Foundation.framework */; };
		0142A6D119974EF900A9E23D /* CoreGraphics.framework in Frameworks */ = {isa = PBXBuildFile; fileRef = 0142A6D019974EF900A9E23D /* CoreGraphics.framework */; };
		0142A6D319974EF900A9E23D /* UIKit.framework in Frameworks */ = {isa = PBXBuildFile; fileRef = 0142A6D219974EF900A9E23D /* UIKit.framework */; };
		0142A6D919974EF900A9E23D /* InfoPlist.strings in Resources */ = {isa = PBXBuildFile; fileRef = 0142A6D719974EF900A9E23D /* InfoPlist.strings */; };
		0142A6DB19974EF900A9E23D /* main.m in Sources */ = {isa = PBXBuildFile; fileRef = 0142A6DA19974EF900A9E23D /* main.m */; };
		0142A6DF19974EF900A9E23D /* XFAppDelegate.m in Sources */ = {isa = PBXBuildFile; fileRef = 0142A6DE19974EF900A9E23D /* XFAppDelegate.m */; };
		0142A6E119974EF900A9E23D /* Images.xcassets in Resources */ = {isa = PBXBuildFile; fileRef = 0142A6E019974EF900A9E23D /* Images.xcassets */; };
		0142A6E819974EF900A9E23D /* XCTest.framework in Frameworks */ = {isa = PBXBuildFile; fileRef = 0142A6E719974EF900A9E23D /* XCTest.framework */; };
		0142A6E919974EF900A9E23D /* Foundation.framework in Frameworks */ = {isa = PBXBuildFile; fileRef = 0142A6CE19974EF900A9E23D /* Foundation.framework */; };
		0142A6EA19974EF900A9E23D /* UIKit.framework in Frameworks */ = {isa = PBXBuildFile; fileRef = 0142A6D219974EF900A9E23D /* UIKit.framework */; };
		0142A6F219974EF900A9E23D /* InfoPlist.strings in Resources */ = {isa = PBXBuildFile; fileRef = 0142A6F019974EF900A9E23D /* InfoPlist.strings */; };
		0142A6F419974EF900A9E23D /* KuMiMusicTests.m in Sources */ = {isa = PBXBuildFile; fileRef = 0142A6F319974EF900A9E23D /* KuMiMusicTests.m */; };
		01FF7B60199A559500484B22 /* XFAudioPayerManager.m in Sources */ = {isa = PBXBuildFile; fileRef = 01FF7B5F199A559500484B22 /* XFAudioPayerManager.m */; };
		01FF7B63199A58D700484B22 /* XFBoxAudioPlayer.m in Sources */ = {isa = PBXBuildFile; fileRef = 01FF7B62199A58D700484B22 /* XFBoxAudioPlayer.m */; };
/* End PBXBuildFile section */

/* Begin PBXContainerItemProxy section */
		0142A6EB19974EF900A9E23D /* PBXContainerItemProxy */ = {
			isa = PBXContainerItemProxy;
			containerPortal = 0142A6C319974EF900A9E23D /* Project object */;
			proxyType = 1;
			remoteGlobalIDString = 0142A6CA19974EF900A9E23D;
			remoteInfo = KuMiMusic;
		};
/* End PBXContainerItemProxy section */

/* Begin PBXFileReference section */
		011FDB9119976BFF00724495 /* XFMyMusicBaseController.h */ = {isa = PBXFileReference; fileEncoding = 4; lastKnownFileType = sourcecode.c.h; path = XFMyMusicBaseController.h; sourceTree = "<group>"; };
		011FDB9219976BFF00724495 /* XFMyMusicBaseController.m */ = {isa = PBXFileReference; fileEncoding = 4; lastKnownFileType = sourcecode.c.objc; path = XFMyMusicBaseController.m; sourceTree = "<group>"; };
		011FDB9319976BFF00724495 /* XFAudioBaseListController.h */ = {isa = PBXFileReference; fileEncoding = 4; lastKnownFileType = sourcecode.c.h; path = XFAudioBaseListController.h; sourceTree = "<group>"; };
		011FDB9419976BFF00724495 /* XFAudioBaseListController.m */ = {isa = PBXFileReference; fileEncoding = 4; lastKnownFileType = sourcecode.c.objc; path = XFAudioBaseListController.m; sourceTree = "<group>"; };
		011FDB9719976C1E00724495 /* XFGobalBBCViewController.h */ = {isa = PBXFileReference; fileEncoding = 4; lastKnownFileType = sourcecode.c.h; path = XFGobalBBCViewController.h; sourceTree = "<group>"; };
		011FDB9819976C1E00724495 /* XFGobalBBCViewController.m */ = {isa = PBXFileReference; fileEncoding = 4; lastKnownFileType = sourcecode.c.objc; path = XFGobalBBCViewController.m; sourceTree = "<group>"; };
		011FDB9919976C1E00724495 /* XFFMListController.h */ = {isa = PBXFileReference; fileEncoding = 4; lastKnownFileType = sourcecode.c.h; path = XFFMListController.h; sourceTree = "<group>"; };
		011FDB9A19976C1E00724495 /* XFFMListController.m */ = {isa = PBXFileReference; fileEncoding = 4; lastKnownFileType = sourcecode.c.objc; path = XFFMListController.m; sourceTree = "<group>"; };
		011FDB9F19976C7800724495 /* XFAudio.m */ = {isa = PBXFileReference; fileEncoding = 4; lastKnownFileType = sourcecode.c.objc; path = XFAudio.m; sourceTree = "<group>"; };
		011FDBA019976C7800724495 /* XFAudio.h */ = {isa = PBXFileReference; fileEncoding = 4; lastKnownFileType = sourcecode.c.h; path = XFAudio.h; sourceTree = "<group>"; };
		011FDBA219976C8600724495 /* XFFMAudioMode.h */ = {isa = PBXFileReference; fileEncoding = 4; lastKnownFileType = sourcecode.c.h; path = XFFMAudioMode.h; sourceTree = "<group>"; };
		011FDBA319976C8600724495 /* XFFMAudioMode.m */ = {isa = PBXFileReference; fileEncoding = 4; lastKnownFileType = sourcecode.c.objc; path = XFFMAudioMode.m; sourceTree = "<group>"; };
		011FDBA519976C9300724495 /* XFLocationCellMode.h */ = {isa = PBXFileReference; fileEncoding = 4; lastKnownFileType = sourcecode.c.h; path = XFLocationCellMode.h; sourceTree = "<group>"; };
		011FDBA619976C9300724495 /* XFLocationCellMode.m */ = {isa = PBXFileReference; fileEncoding = 4; lastKnownFileType = sourcecode.c.objc; path = XFLocationCellMode.m; sourceTree = "<group>"; };
		011FDBA819976C9F00724495 /* XFLocationBannerView.h */ = {isa = PBXFileReference; fileEncoding = 4; lastKnownFileType = sourcecode.c.h; path = XFLocationBannerView.h; sourceTree = "<group>"; };
		011FDBA919976C9F00724495 /* XFLocationBannerView.m */ = {isa = PBXFileReference; fileEncoding = 4; lastKnownFileType = sourcecode.c.objc; path = XFLocationBannerView.m; sourceTree = "<group>"; };
		011FDBAB19976CF800724495 /* XFCoustomTabBarView.h */ = {isa = PBXFileReference; fileEncoding = 4; lastKnownFileType = sourcecode.c.h; path = XFCoustomTabBarView.h; sourceTree = "<group>"; };
		011FDBAC19976CF800724495 /* XFCoustomTabBarView.m */ = {isa = PBXFileReference; fileEncoding = 4; lastKnownFileType = sourcecode.c.objc; path = XFCoustomTabBarView.m; sourceTree = "<group>"; };
		011FDBAE19976DBC00724495 /* XFDefine.h */ = {isa = PBXFileReference; lastKnownFileType = sourcecode.c.h; path = XFDefine.h; sourceTree = "<group>"; };
		011FDBAF19976F5F00724495 /* XFLocationBaseCell.h */ = {isa = PBXFileReference; fileEncoding = 4; lastKnownFileType = sourcecode.c.h; path = XFLocationBaseCell.h; sourceTree = "<group>"; };
		011FDBB019976F5F00724495 /* XFLocationBaseCell.m */ = {isa = PBXFileReference; fileEncoding = 4; lastKnownFileType = sourcecode.c.objc; path = XFLocationBaseCell.m; sourceTree = "<group>"; };
		011FDBB319977B5800724495 /* narbar_bg.png */ = {isa = PBXFileReference; lastKnownFileType = image.png; name = narbar_bg.png; path = img/narbar_bg.png; sourceTree = "<group>"; };
		011FDBB519977BE800724495 /* xf_loctiondownload.png */ = {isa = PBXFileReference; lastKnownFileType = image.png; name = xf_loctiondownload.png; path = img/xf_loctiondownload.png; sourceTree = "<group>"; };
		011FDBB619977BE800724495 /* xf_loctionfile.png */ = {isa = PBXFileReference; lastKnownFileType = image.png; name = xf_loctionfile.png; path = img/xf_loctionfile.png; sourceTree = "<group>"; };
		011FDBB719977BE800724495 /* xf_mycentlisen.png */ = {isa = PBXFileReference; lastKnownFileType = image.png; name = xf_mycentlisen.png; path = img/xf_mycentlisen.png; sourceTree = "<group>"; };
		011FDBB819977BE800724495 /* xf_play_icon.png */ = {isa = PBXFileReference; lastKnownFileType = image.png; name = xf_play_icon.png; path = img/xf_play_icon.png; sourceTree = "<group>"; };
		011FDBB919977BE800724495 /* xf_radarLove.png */ = {isa = PBXFileReference; lastKnownFileType = image.png; name = xf_radarLove.png; path = img/xf_radarLove.png; sourceTree = "<group>"; };
		011FDBBA19977BE800724495 /* xf_radarLove@2x.png */ = {isa = PBXFileReference; lastKnownFileType = image.png; name = "xf_radarLove@2x.png"; path = "img/xf_radarLove@2x.png"; sourceTree = "<group>"; };
		011FDBC219977D0100724495 /* 广播电台在线听地址.txt */ = {isa = PBXFileReference; fileEncoding = 4; lastKnownFileType = text; path = "广播电台在线听地址.txt"; sourceTree = "<group>"; };
		011FDBC419977DF900724495 /* SO_FMCategroyView.h */ = {isa = PBXFileReference; fileEncoding = 4; lastKnownFileType = sourcecode.c.h; path = SO_FMCategroyView.h; sourceTree = "<group>"; };
		011FDBC519977DF900724495 /* SO_FMCategroyView.m */ = {isa = PBXFileReference; fileEncoding = 4; lastKnownFileType = sourcecode.c.objc; path = SO_FMCategroyView.m; sourceTree = "<group>"; };
		011FDBC71997816000724495 /* fm_default.jpg */ = {isa = PBXFileReference; lastKnownFileType = image.jpeg; name = fm_default.jpg; path = img/fm_default.jpg; sourceTree = "<group>"; };
		012B07C9199BBDE80039DEED /* XFPlayerBoxView.h */ = {isa = PBXFileReference; fileEncoding = 4; lastKnownFileType = sourcecode.c.h; path = XFPlayerBoxView.h; sourceTree = "<group>"; };
		012B07CA199BBDE80039DEED /* XFPlayerBoxView.m */ = {isa = PBXFileReference; fileEncoding = 4; lastKnownFileType = sourcecode.c.objc; path = XFPlayerBoxView.m; sourceTree = "<group>"; };
		012B07CE199BCBB10039DEED /* skin_black_nav-bar-back-button-pressed@2x.png */ = {isa = PBXFileReference; lastKnownFileType = image.png; name = "skin_black_nav-bar-back-button-pressed@2x.png"; path = "img/player page/skin_black_nav-bar-back-button-pressed@2x.png"; sourceTree = "<group>"; };
		012B07CF199BCBB10039DEED /* skin_black_nav-bar-back-button@2x.png */ = {isa = PBXFileReference; lastKnownFileType = image.png; name = "skin_black_nav-bar-back-button@2x.png"; path = "img/player page/skin_black_nav-bar-back-button@2x.png"; sourceTree = "<group>"; };
		0142A6CB19974EF900A9E23D /* KuMiMusic.app */ = {isa = PBXFileReference; explicitFileType = wrapper.application; includeInIndex = 0; path = KuMiMusic.app; sourceTree = BUILT_PRODUCTS_DIR; };
		0142A6CE19974EF900A9E23D /* Foundation.framework */ = {isa = PBXFileReference; lastKnownFileType = wrapper.framework; name = Foundation.framework; path = System/Library/Frameworks/Foundation.framework; sourceTree = SDKROOT; };
		0142A6D019974EF900A9E23D /* CoreGraphics.framework */ = {isa = PBXFileReference; lastKnownFileType = wrapper.framework; name = CoreGraphics.framework; path = System/Library/Frameworks/CoreGraphics.framework; sourceTree = SDKROOT; };
		0142A6D219974EF900A9E23D /* UIKit.framework */ = {isa = PBXFileReference; lastKnownFileType = wrapper.framework; name = UIKit.framework; path = System/Library/Frameworks/UIKit.framework; sourceTree = SDKROOT; };
		0142A6D619974EF900A9E23D /* KuMiMusic-Info.plist */ = {isa = PBXFileReference; lastKnownFileType = text.plist.xml; path = "KuMiMusic-Info.plist"; sourceTree = "<group>"; };
		0142A6D819974EF900A9E23D /* en */ = {isa = PBXFileReference; lastKnownFileType = text.plist.strings; name = en; path = en.lproj/InfoPlist.strings; sourceTree = "<group>"; };
		0142A6DA19974EF900A9E23D /* main.m */ = {isa = PBXFileReference; lastKnownFileType = sourcecode.c.objc; path = main.m; sourceTree = "<group>"; };
		0142A6DC19974EF900A9E23D /* KuMiMusic-Prefix.pch */ = {isa = PBXFileReference; lastKnownFileType = sourcecode.c.h; path = "KuMiMusic-Prefix.pch"; sourceTree = "<group>"; };
		0142A6DD19974EF900A9E23D /* XFAppDelegate.h */ = {isa = PBXFileReference; lastKnownFileType = sourcecode.c.h; path = XFAppDelegate.h; sourceTree = "<group>"; };
		0142A6DE19974EF900A9E23D /* XFAppDelegate.m */ = {isa = PBXFileReference; lastKnownFileType = sourcecode.c.objc; path = XFAppDelegate.m; sourceTree = "<group>"; };
		0142A6E019974EF900A9E23D /* Images.xcassets */ = {isa = PBXFileReference; lastKnownFileType = folder.assetcatalog; path = Images.xcassets; sourceTree = "<group>"; };
		0142A6E619974EF900A9E23D /* KuMiMusicTests.xctest */ = {isa = PBXFileReference; explicitFileType = wrapper.cfbundle; includeInIndex = 0; path = KuMiMusicTests.xctest; sourceTree = BUILT_PRODUCTS_DIR; };
		0142A6E719974EF900A9E23D /* XCTest.framework */ = {isa = PBXFileReference; lastKnownFileType = wrapper.framework; name = XCTest.framework; path = Library/Frameworks/XCTest.framework; sourceTree = DEVELOPER_DIR; };
		0142A6EF19974EF900A9E23D /* KuMiMusicTests-Info.plist */ = {isa = PBXFileReference; lastKnownFileType = text.plist.xml; path = "KuMiMusicTests-Info.plist"; sourceTree = "<group>"; };
		0142A6F119974EF900A9E23D /* en */ = {isa = PBXFileReference; lastKnownFileType = text.plist.strings; name = en; path = en.lproj/InfoPlist.strings; sourceTree = "<group>"; };
		0142A6F319974EF900A9E23D /* KuMiMusicTests.m */ = {isa = PBXFileReference; lastKnownFileType = sourcecode.c.objc; path = KuMiMusicTests.m; sourceTree = "<group>"; };
		01FF7B5E199A559500484B22 /* XFAudioPayerManager.h */ = {isa = PBXFileReference; fileEncoding = 4; lastKnownFileType = sourcecode.c.h; path = XFAudioPayerManager.h; sourceTree = "<group>"; };
		01FF7B5F199A559500484B22 /* XFAudioPayerManager.m */ = {isa = PBXFileReference; fileEncoding = 4; lastKnownFileType = sourcecode.c.objc; path = XFAudioPayerManager.m; sourceTree = "<group>"; };
		01FF7B61199A58D700484B22 /* XFBoxAudioPlayer.h */ = {isa = PBXFileReference; fileEncoding = 4; lastKnownFileType = sourcecode.c.h; path = XFBoxAudioPlayer.h; sourceTree = "<group>"; };
		01FF7B62199A58D700484B22 /* XFBoxAudioPlayer.m */ = {isa = PBXFileReference; fileEncoding = 4; lastKnownFileType = sourcecode.c.objc; path = XFBoxAudioPlayer.m; sourceTree = "<group>"; };
/* End PBXFileReference section */

/* Begin PBXFrameworksBuildPhase section */
		0142A6C819974EF900A9E23D /* Frameworks */ = {
			isa = PBXFrameworksBuildPhase;
			buildActionMask = 2147483647;
			files = (
				0142A6D119974EF900A9E23D /* CoreGraphics.framework in Frameworks */,
				0142A6D319974EF900A9E23D /* UIKit.framework in Frameworks */,
				0142A6CF19974EF900A9E23D /* Foundation.framework in Frameworks */,
			);
			runOnlyForDeploymentPostprocessing = 0;
		};
		0142A6E319974EF900A9E23D /* Frameworks */ = {
			isa = PBXFrameworksBuildPhase;
			buildActionMask = 2147483647;
			files = (
				0142A6E819974EF900A9E23D /* XCTest.framework in Frameworks */,
				0142A6EA19974EF900A9E23D /* UIKit.framework in Frameworks */,
				0142A6E919974EF900A9E23D /* Foundation.framework in Frameworks */,
			);
			runOnlyForDeploymentPostprocessing = 0;
		};
/* End PBXFrameworksBuildPhase section */

/* Begin PBXGroup section */
		011FDB8E19976BA700724495 /* ViewControllers */ = {
			isa = PBXGroup;
			children = (
				011FDB9D19976C2900724495 /* LoctionControllers */,
				011FDB9E19976C4100724495 /* FMControllers */,
			);
			name = ViewControllers;
			sourceTree = "<group>";
		};
		011FDB8F19976BC700724495 /* Views */ = {
			isa = PBXGroup;
			children = (
				011FDBC419977DF900724495 /* SO_FMCategroyView.h */,
				011FDBC519977DF900724495 /* SO_FMCategroyView.m */,
				011FDBAB19976CF800724495 /* XFCoustomTabBarView.h */,
				011FDBAC19976CF800724495 /* XFCoustomTabBarView.m */,
				011FDBA819976C9F00724495 /* XFLocationBannerView.h */,
				011FDBA919976C9F00724495 /* XFLocationBannerView.m */,
				011FDBAF19976F5F00724495 /* XFLocationBaseCell.h */,
				011FDBB019976F5F00724495 /* XFLocationBaseCell.m */,
				012B07C9199BBDE80039DEED /* XFPlayerBoxView.h */,
				012B07CA199BBDE80039DEED /* XFPlayerBoxView.m */,
			);
			name = Views;
			sourceTree = "<group>";
		};
		011FDB9019976BD800724495 /* Modes */ = {
			isa = PBXGroup;
			children = (
				011FDBA519976C9300724495 /* XFLocationCellMode.h */,
				011FDBA619976C9300724495 /* XFLocationCellMode.m */,
				011FDBA219976C8600724495 /* XFFMAudioMode.h */,
				011FDBA319976C8600724495 /* XFFMAudioMode.m */,
				011FDB9F19976C7800724495 /* XFAudio.m */,
				011FDBA019976C7800724495 /* XFAudio.h */,
				01FF7B5E199A559500484B22 /* XFAudioPayerManager.h */,
				01FF7B5F199A559500484B22 /* XFAudioPayerManager.m */,
				01FF7B61199A58D700484B22 /* XFBoxAudioPlayer.h */,
				01FF7B62199A58D700484B22 /* XFBoxAudioPlayer.m */,
			);
			name = Modes;
			sourceTree = "<group>";
		};
		011FDB9D19976C2900724495 /* LoctionControllers */ = {
			isa = PBXGroup;
			children = (
				011FDB9119976BFF00724495 /* XFMyMusicBaseController.h */,
				011FDB9219976BFF00724495 /* XFMyMusicBaseController.m */,
				011FDB9319976BFF00724495 /* XFAudioBaseListController.h */,
				011FDB9419976BFF00724495 /* XFAudioBaseListController.m */,
			);
			name = LoctionControllers;
			sourceTree = "<group>";
		};
		011FDB9E19976C4100724495 /* FMControllers */ = {
			isa = PBXGroup;
			children = (
				011FDB9719976C1E00724495 /* XFGobalBBCViewController.h */,
				011FDB9819976C1E00724495 /* XFGobalBBCViewController.m */,
				011FDB9919976C1E00724495 /* XFFMListController.h */,
				011FDB9A19976C1E00724495 /* XFFMListController.m */,
			);
			name = FMControllers;
			sourceTree = "<group>";
		};
		011FDBB219977B4700724495 /* img */ = {
			isa = PBXGroup;
			children = (
				012B07CE199BCBB10039DEED /* skin_black_nav-bar-back-button-pressed@2x.png */,
				012B07CF199BCBB10039DEED /* skin_black_nav-bar-back-button@2x.png */,
				011FDBC71997816000724495 /* fm_default.jpg */,
				011FDBB519977BE800724495 /* xf_loctiondownload.png */,
				011FDBB619977BE800724495 /* xf_loctionfile.png */,
				011FDBB719977BE800724495 /* xf_mycentlisen.png */,
				011FDBB819977BE800724495 /* xf_play_icon.png */,
				011FDBB919977BE800724495 /* xf_radarLove.png */,
				011FDBBA19977BE800724495 /* xf_radarLove@2x.png */,
				011FDBB319977B5800724495 /* narbar_bg.png */,
			);
			name = img;
			sourceTree = "<group>";
		};
		0142A6C219974EF900A9E23D = {
			isa = PBXGroup;
			children = (
				0142A6D419974EF900A9E23D /* KuMiMusic */,
				0142A6ED19974EF900A9E23D /* KuMiMusicTests */,
				0142A6CD19974EF900A9E23D /* Frameworks */,
				0142A6CC19974EF900A9E23D /* Products */,
			);
			sourceTree = "<group>";
		};
		0142A6CC19974EF900A9E23D /* Products */ = {
			isa = PBXGroup;
			children = (
				0142A6CB19974EF900A9E23D /* KuMiMusic.app */,
				0142A6E619974EF900A9E23D /* KuMiMusicTests.xctest */,
			);
			name = Products;
			sourceTree = "<group>";
		};
		0142A6CD19974EF900A9E23D /* Frameworks */ = {
			isa = PBXGroup;
			children = (
				0142A6CE19974EF900A9E23D /* Foundation.framework */,
				0142A6D019974EF900A9E23D /* CoreGraphics.framework */,
				0142A6D219974EF900A9E23D /* UIKit.framework */,
				0142A6E719974EF900A9E23D /* XCTest.framework */,
			);
			name = Frameworks;
			sourceTree = "<group>";
		};
		0142A6D419974EF900A9E23D /* KuMiMusic */ = {
			isa = PBXGroup;
			children = (
				011FDB8E19976BA700724495 /* ViewControllers */,
				011FDB8F19976BC700724495 /* Views */,
				011FDB9019976BD800724495 /* Modes */,
				0142A6E019974EF900A9E23D /* Images.xcassets */,
				0142A6D519974EF900A9E23D /* Supporting Files */,
			);
			path = KuMiMusic;
			sourceTree = "<group>";
		};
		0142A6D519974EF900A9E23D /* Supporting Files */ = {
			isa = PBXGroup;
			children = (
				011FDBC219977D0100724495 /* 广播电台在线听地址.txt */,
				011FDBB219977B4700724495 /* img */,
				011FDBAE19976DBC00724495 /* XFDefine.h */,
				0142A6DE19974EF900A9E23D /* XFAppDelegate.m */,
				0142A6DD19974EF900A9E23D /* XFAppDelegate.h */,
				0142A6D619974EF900A9E23D /* KuMiMusic-Info.plist */,
				0142A6D719974EF900A9E23D /* InfoPlist.strings */,
				0142A6DA19974EF900A9E23D /* main.m */,
				0142A6DC19974EF900A9E23D /* KuMiMusic-Prefix.pch */,
			);
			name = "Supporting Files";
			sourceTree = "<group>";
		};
		0142A6ED19974EF900A9E23D /* KuMiMusicTests */ = {
			isa = PBXGroup;
			children = (
				0142A6F319974EF900A9E23D /* KuMiMusicTests.m */,
				0142A6EE19974EF900A9E23D /* Supporting Files */,
			);
			path = KuMiMusicTests;
			sourceTree = "<group>";
		};
		0142A6EE19974EF900A9E23D /* Supporting Files */ = {
			isa = PBXGroup;
			children = (
				0142A6EF19974EF900A9E23D /* KuMiMusicTests-Info.plist */,
				0142A6F019974EF900A9E23D /* InfoPlist.strings */,
			);
			name = "Supporting Files";
			sourceTree = "<group>";
		};
/* End PBXGroup section */

/* Begin PBXNativeTarget section */
		0142A6CA19974EF900A9E23D /* KuMiMusic */ = {
			isa = PBXNativeTarget;
			buildConfigurationList = 0142A6F719974EF900A9E23D /* Build configuration list for PBXNativeTarget "KuMiMusic" */;
			buildPhases = (
				0142A6C719974EF900A9E23D /* Sources */,
				0142A6C819974EF900A9E23D /* Frameworks */,
				0142A6C919974EF900A9E23D /* Resources */,
			);
			buildRules = (
			);
			dependencies = (
			);
			name = KuMiMusic;
			productName = KuMiMusic;
			productReference = 0142A6CB19974EF900A9E23D /* KuMiMusic.app */;
			productType = "com.apple.product-type.application";
		};
		0142A6E519974EF900A9E23D /* KuMiMusicTests */ = {
			isa = PBXNativeTarget;
			buildConfigurationList = 0142A6FA19974EF900A9E23D /* Build configuration list for PBXNativeTarget "KuMiMusicTests" */;
			buildPhases = (
				0142A6E219974EF900A9E23D /* Sources */,
				0142A6E319974EF900A9E23D /* Frameworks */,
				0142A6E419974EF900A9E23D /* Resources */,
			);
			buildRules = (
			);
			dependencies = (
				0142A6EC19974EF900A9E23D /* PBXTargetDependency */,
			);
			name = KuMiMusicTests;
			productName = KuMiMusicTests;
			productReference = 0142A6E619974EF900A9E23D /* KuMiMusicTests.xctest */;
			productType = "com.apple.product-type.bundle.unit-test";
		};
/* End PBXNativeTarget section */

/* Begin PBXProject section */
		0142A6C319974EF900A9E23D /* Project object */ = {
			isa = PBXProject;
			attributes = {
				CLASSPREFIX = XF;
				LastUpgradeCheck = 0510;
				ORGANIZATIONNAME = KuMi;
				TargetAttributes = {
					0142A6E519974EF900A9E23D = {
						TestTargetID = 0142A6CA19974EF900A9E23D;
					};
				};
			};
			buildConfigurationList = 0142A6C619974EF900A9E23D /* Build configuration list for PBXProject "KuMiMusic" */;
			compatibilityVersion = "Xcode 3.2";
			developmentRegion = English;
			hasScannedForEncodings = 0;
			knownRegions = (
				en,
			);
			mainGroup = 0142A6C219974EF900A9E23D;
			productRefGroup = 0142A6CC19974EF900A9E23D /* Products */;
			projectDirPath = "";
			projectRoot = "";
			targets = (
				0142A6CA19974EF900A9E23D /* KuMiMusic */,
				0142A6E519974EF900A9E23D /* KuMiMusicTests */,
			);
		};
/* End PBXProject section */

/* Begin PBXResourcesBuildPhase section */
		0142A6C919974EF900A9E23D /* Resources */ = {
			isa = PBXResourcesBuildPhase;
			buildActionMask = 2147483647;
			files = (
				011FDBC019977BE800724495 /* xf_radarLove@2x.png in Resources */,
				011FDBC319977D0100724495 /* 广播电台在线听地址.txt in Resources */,
				011FDBBF19977BE800724495 /* xf_radarLove.png in Resources */,
				0142A6D919974EF900A9E23D /* InfoPlist.strings in Resources */,
				011FDBBD19977BE800724495 /* xf_mycentlisen.png in Resources */,
				011FDBBC19977BE800724495 /* xf_loctionfile.png in Resources */,
				011FDBB419977B5800724495 /* narbar_bg.png in Resources */,
				011FDBBB19977BE800724495 /* xf_loctiondownload.png in Resources */,
				012B07D1199BCBB10039DEED /* skin_black_nav-bar-back-button@2x.png in Resources */,
				011FDBBE19977BE800724495 /* xf_play_icon.png in Resources */,
				011FDBC81997816000724495 /* fm_default.jpg in Resources */,
				0142A6E119974EF900A9E23D /* Images.xcassets in Resources */,
				012B07D0199BCBB10039DEED /* skin_black_nav-bar-back-button-pressed@2x.png in Resources */,
			);
			runOnlyForDeploymentPostprocessing = 0;
		};
		0142A6E419974EF900A9E23D /* Resources */ = {
			isa = PBXResourcesBuildPhase;
			buildActionMask = 2147483647;
			files = (
				0142A6F219974EF900A9E23D /* InfoPlist.strings in Resources */,
			);
			runOnlyForDeploymentPostprocessing = 0;
		};
/* End PBXResourcesBuildPhase section */

/* Begin PBXSourcesBuildPhase section */
		0142A6C719974EF900A9E23D /* Sources */ = {
			isa = PBXSourcesBuildPhase;
			buildActionMask = 2147483647;
			files = (
				011FDBAD19976CF800724495 /* XFCoustomTabBarView.m in Sources */,
				011FDB9C19976C1E00724495 /* XFFMListController.m in Sources */,
				011FDBAA19976C9F00724495 /* XFLocationBannerView.m in Sources */,
				011FDB9B19976C1E00724495 /* XFGobalBBCViewController.m in Sources */,
				011FDBA419976C8600724495 /* XFFMAudioMode.m in Sources */,
				01FF7B63199A58D700484B22 /* XFBoxAudioPlayer.m in Sources */,
				011FDBB119976F5F00724495 /* XFLocationBaseCell.m in Sources */,
				011FDBC619977DF900724495 /* SO_FMCategroyView.m in Sources */,
				011FDBA719976C9300724495 /* XFLocationCellMode.m in Sources */,
				011FDB9519976BFF00724495 /* XFMyMusicBaseController.m in Sources */,
				011FDB9619976BFF00724495 /* XFAudioBaseListController.m in Sources */,
				012B07CB199BBDE80039DEED /* XFPlayerBoxView.m in Sources */,
				01FF7B60199A559500484B22 /* XFAudioPayerManager.m in Sources */,
				011FDBA119976C7800724495 /* XFAudio.m in Sources */,
				0142A6DF19974EF900A9E23D /* XFAppDelegate.m in Sources */,
				0142A6DB19974EF900A9E23D /* main.m in Sources */,
			);
			runOnlyForDeploymentPostprocessing = 0;
		};
		0142A6E219974EF900A9E23D /* Sources */ = {
			isa = PBXSourcesBuildPhase;
			buildActionMask = 2147483647;
			files = (
				0142A6F419974EF900A9E23D /* KuMiMusicTests.m in Sources */,
			);
			runOnlyForDeploymentPostprocessing = 0;
		};
/* End PBXSourcesBuildPhase section */

/* Begin PBXTargetDependency section */
		0142A6EC19974EF900A9E23D /* PBXTargetDependency */ = {
			isa = PBXTargetDependency;
			target = 0142A6CA19974EF900A9E23D /* KuMiMusic */;
			targetProxy = 0142A6EB19974EF900A9E23D /* PBXContainerItemProxy */;
		};
/* End PBXTargetDependency section */

/* Begin PBXVariantGroup section */
		0142A6D719974EF900A9E23D /* InfoPlist.strings */ = {
			isa = PBXVariantGroup;
			children = (
				0142A6D819974EF900A9E23D /* en */,
			);
			name = InfoPlist.strings;
			sourceTree = "<group>";
		};
		0142A6F019974EF900A9E23D /* InfoPlist.strings */ = {
			isa = PBXVariantGroup;
			children = (
				0142A6F119974EF900A9E23D /* en */,
			);
			name = InfoPlist.strings;
			sourceTree = "<group>";
		};
/* End PBXVariantGroup section */

/* Begin XCBuildConfiguration section */
		0142A6F519974EF900A9E23D /* Debug */ = {
			isa = XCBuildConfiguration;
			buildSettings = {
				ALWAYS_SEARCH_USER_PATHS = NO;
				CLANG_CXX_LANGUAGE_STANDARD = "gnu++0x";
				CLANG_CXX_LIBRARY = "libc++";
				CLANG_ENABLE_MODULES = YES;
				CLANG_ENABLE_OBJC_ARC = YES;
				CLANG_WARN_BOOL_CONVERSION = YES;
				CLANG_WARN_CONSTANT_CONVERSION = YES;
				CLANG_WARN_DIRECT_OBJC_ISA_USAGE = YES_ERROR;
				CLANG_WARN_EMPTY_BODY = YES;
				CLANG_WARN_ENUM_CONVERSION = YES;
				CLANG_WARN_INT_CONVERSION = YES;
				CLANG_WARN_OBJC_ROOT_CLASS = YES_ERROR;
				CLANG_WARN__DUPLICATE_METHOD_MATCH = YES;
				"CODE_SIGN_IDENTITY[sdk=iphoneos*]" = "iPhone Developer";
				COPY_PHASE_STRIP = NO;
				GCC_C_LANGUAGE_STANDARD = gnu99;
				GCC_DYNAMIC_NO_PIC = NO;
				GCC_OPTIMIZATION_LEVEL = 0;
				GCC_PREPROCESSOR_DEFINITIONS = (
					"DEBUG=1",
					"$(inherited)",
				);
				GCC_SYMBOLS_PRIVATE_EXTERN = NO;
				GCC_WARN_64_TO_32_BIT_CONVERSION = YES;
				GCC_WARN_ABOUT_RETURN_TYPE = YES_ERROR;
				GCC_WARN_UNDECLARED_SELECTOR = YES;
				GCC_WARN_UNINITIALIZED_AUTOS = YES_AGGRESSIVE;
				GCC_WARN_UNUSED_FUNCTION = YES;
				GCC_WARN_UNUSED_VARIABLE = YES;
				IPHONEOS_DEPLOYMENT_TARGET = 7.1;
				ONLY_ACTIVE_ARCH = YES;
				SDKROOT = iphoneos;
				TARGETED_DEVICE_FAMILY = "1,2";
			};
			name = Debug;
		};
		0142A6F619974EF900A9E23D /* Release */ = {
			isa = XCBuildConfiguration;
			buildSettings = {
				ALWAYS_SEARCH_USER_PATHS = NO;
				CLANG_CXX_LANGUAGE_STANDARD = "gnu++0x";
				CLANG_CXX_LIBRARY = "libc++";
				CLANG_ENABLE_MODULES = YES;
				CLANG_ENABLE_OBJC_ARC = YES;
				CLANG_WARN_BOOL_CONVERSION = YES;
				CLANG_WARN_CONSTANT_CONVERSION = YES;
				CLANG_WARN_DIRECT_OBJC_ISA_USAGE = YES_ERROR;
				CLANG_WARN_EMPTY_BODY = YES;
				CLANG_WARN_ENUM_CONVERSION = YES;
				CLANG_WARN_INT_CONVERSION = YES;
				CLANG_WARN_OBJC_ROOT_CLASS = YES_ERROR;
				CLANG_WARN__DUPLICATE_METHOD_MATCH = YES;
				"CODE_SIGN_IDENTITY[sdk=iphoneos*]" = "iPhone Developer";
				COPY_PHASE_STRIP = YES;
				ENABLE_NS_ASSERTIONS = NO;
				GCC_C_LANGUAGE_STANDARD = gnu99;
				GCC_WARN_64_TO_32_BIT_CONVERSION = YES;
				GCC_WARN_ABOUT_RETURN_TYPE = YES_ERROR;
				GCC_WARN_UNDECLARED_SELECTOR = YES;
				GCC_WARN_UNINITIALIZED_AUTOS = YES_AGGRESSIVE;
				GCC_WARN_UNUSED_FUNCTION = YES;
				GCC_WARN_UNUSED_VARIABLE = YES;
				IPHONEOS_DEPLOYMENT_TARGET = 7.1;
				SDKROOT = iphoneos;
				TARGETED_DEVICE_FAMILY = "1,2";
				VALIDATE_PRODUCT = YES;
			};
			name = Release;
		};
		0142A6F819974EF900A9E23D /* Debug */ = {
			isa = XCBuildConfiguration;
			buildSettings = {
				ASSETCATALOG_COMPILER_APPICON_NAME = AppIcon;
				ASSETCATALOG_COMPILER_LAUNCHIMAGE_NAME = LaunchImage;
				GCC_PRECOMPILE_PREFIX_HEADER = YES;
				GCC_PREFIX_HEADER = "KuMiMusic/KuMiMusic-Prefix.pch";
				INFOPLIST_FILE = "KuMiMusic/KuMiMusic-Info.plist";
				PRODUCT_NAME = "$(TARGET_NAME)";
				WRAPPER_EXTENSION = app;
			};
			name = Debug;
		};
		0142A6F919974EF900A9E23D /* Release */ = {
			isa = XCBuildConfiguration;
			buildSettings = {
				ASSETCATALOG_COMPILER_APPICON_NAME = AppIcon;
				ASSETCATALOG_COMPILER_LAUNCHIMAGE_NAME = LaunchImage;
				GCC_PRECOMPILE_PREFIX_HEADER = YES;
				GCC_PREFIX_HEADER = "KuMiMusic/KuMiMusic-Prefix.pch";
				INFOPLIST_FILE = "KuMiMusic/KuMiMusic-Info.plist";
				PRODUCT_NAME = "$(TARGET_NAME)";
				WRAPPER_EXTENSION = app;
			};
			name = Release;
		};
		0142A6FB19974EF900A9E23D /* Debug */ = {
			isa = XCBuildConfiguration;
			buildSettings = {
				BUNDLE_LOADER = "$(BUILT_PRODUCTS_DIR)/KuMiMusic.app/KuMiMusic";
				FRAMEWORK_SEARCH_PATHS = (
					"$(SDKROOT)/Developer/Library/Frameworks",
					"$(inherited)",
					"$(DEVELOPER_FRAMEWORKS_DIR)",
				);
				GCC_PRECOMPILE_PREFIX_HEADER = YES;
				GCC_PREFIX_HEADER = "KuMiMusic/KuMiMusic-Prefix.pch";
				GCC_PREPROCESSOR_DEFINITIONS = (
					"DEBUG=1",
					"$(inherited)",
				);
				INFOPLIST_FILE = "KuMiMusicTests/KuMiMusicTests-Info.plist";
				PRODUCT_NAME = "$(TARGET_NAME)";
				TEST_HOST = "$(BUNDLE_LOADER)";
				WRAPPER_EXTENSION = xctest;
			};
			name = Debug;
		};
		0142A6FC19974EF900A9E23D /* Release */ = {
			isa = XCBuildConfiguration;
			buildSettings = {
				BUNDLE_LOADER = "$(BUILT_PRODUCTS_DIR)/KuMiMusic.app/KuMiMusic";
				FRAMEWORK_SEARCH_PATHS = (
					"$(SDKROOT)/Developer/Library/Frameworks",
					"$(inherited)",
					"$(DEVELOPER_FRAMEWORKS_DIR)",
				);
				GCC_PRECOMPILE_PREFIX_HEADER = YES;
				GCC_PREFIX_HEADER = "KuMiMusic/KuMiMusic-Prefix.pch";
				INFOPLIST_FILE = "KuMiMusicTests/KuMiMusicTests-Info.plist";
				PRODUCT_NAME = "$(TARGET_NAME)";
				TEST_HOST = "$(BUNDLE_LOADER)";
				WRAPPER_EXTENSION = xctest;
			};
			name = Release;
		};
/* End XCBuildConfiguration section */

/* Begin XCConfigurationList section */
		0142A6C619974EF900A9E23D /* Build configuration list for PBXProject "KuMiMusic" */ = {
			isa = XCConfigurationList;
			buildConfigurations = (
				0142A6F519974EF900A9E23D /* Debug */,
				0142A6F619974EF900A9E23D /* Release */,
			);
			defaultConfigurationIsVisible = 0;
			defaultConfigurationName = Release;
		};
		0142A6F719974EF900A9E23D /* Build configuration list for PBXNativeTarget "KuMiMusic" */ = {
			isa = XCConfigurationList;
			buildConfigurations = (
				0142A6F819974EF900A9E23D /* Debug */,
				0142A6F919974EF900A9E23D /* Release */,
			);
			defaultConfigurationIsVisible = 0;
			defaultConfigurationName = Release;
		};
		0142A6FA19974EF900A9E23D /* Build configuration list for PBXNativeTarget "KuMiMusicTests" */ = {
			isa = XCConfigurationList;
			buildConfigurations = (
				0142A6FB19974EF900A9E23D /* Debug */,
				0142A6FC19974EF900A9E23D /* Release */,
			);
			defaultConfigurationIsVisible = 0;
			defaultConfigurationName = Release;
		};
/* End XCConfigurationList section */
	};
	rootObject = 0142A6C319974EF900A9E23D /* Project object */;
}
